
Microsoft Visual Studio Solution File, Format Version 12.00
# Visual Studio Version 17
VisualStudioVersion = 17.10.35004.147
MinimumVisualStudioVersion = 10.0.40219.1
Project("{FAE04EC0-301F-11D3-BF4B-00C04F79EFBC}") = "PhishingGame.Blazor", "PhishingGame.Blazor\PhishingGame.Blazor.csproj", "{387A2AA2-8A65-463E-9C9E-8666A2740037}"
EndProject
Project("{FAE04EC0-301F-11D3-BF4B-00C04F79EFBC}") = "PhishingGame.Core", "PhishinGame.Core\PhishingGame.Core.csproj", "{830BD432-9B3E-4AD7-92F0-5A6CD8C7D35E}"
EndProject
Project("{FAE04EC0-301F-11D3-BF4B-00C04F79EFBC}") = "PhishingGame.Data", "PhishingGame.Data\PhishingGame.Data.csproj", "{B137BBD5-BECC-4EC1-95B4-7FFD115AFB83}"
EndProject
Global
	GlobalSection(SolutionConfigurationPlatforms) = preSolution
		Debug|Any CPU = Debug|Any CPU
		Release|Any CPU = Release|Any CPU
	EndGlobalSection
	GlobalSection(ProjectConfigurationPlatforms) = postSolution
		{387A2AA2-8A65-463E-9C9E-8666A2740037}.Debug|Any CPU.ActiveCfg = Debug|Any CPU
		{387A2AA2-8A65-463E-9C9E-8666A2740037}.Debug|Any CPU.Build.0 = Debug|Any CPU
		{387A2AA2-8A65-463E-9C9E-8666A2740037}.Release|Any CPU.ActiveCfg = Release|Any CPU
		{387A2AA2-8A65-463E-9C9E-8666A2740037}.Release|Any CPU.Build.0 = Release|Any CPU
		{830BD432-9B3E-4AD7-92F0-5A6CD8C7D35E}.Debug|Any CPU.ActiveCfg = Debug|Any CPU
		{830BD432-9B3E-4AD7-92F0-5A6CD8C7D35E}.Debug|Any CPU.Build.0 = Debug|Any CPU
		{830BD432-9B3E-4AD7-92F0-5A6CD8C7D35E}.Release|Any CPU.ActiveCfg = Release|Any CPU
		{830BD432-9B3E-4AD7-92F0-5A6CD8C7D35E}.Release|Any CPU.Build.0 = Release|Any CPU
		{B137BBD5-BECC-4EC1-95B4-7FFD115AFB83}.Debug|Any CPU.ActiveCfg = Debug|Any CPU
		{B137BBD5-BECC-4EC1-95B4-7FFD115AFB83}.Debug|Any CPU.Build.0 = Debug|Any CPU
		{B137BBD5-BECC-4EC1-95B4-7FFD115AFB83}.Release|Any CPU.ActiveCfg = Release|Any CPU
		{B137BBD5-BECC-4EC1-95B4-7FFD115AFB83}.Release|Any CPU.Build.0 = Release|Any CPU
	EndGlobalSection
	GlobalSection(SolutionProperties) = preSolution
		HideSolutionNode = FALSE
	EndGlobalSection
	GlobalSection(ExtensibilityGlobals) = postSolution
		SolutionGuid = {67DE21DE-F5F6-4C1D-B214-39E7F32AB14C}
	EndGlobalSection
EndGlobal
